
Microsoft Visual Studio Solution File, Format Version 12.00
# Visual Studio 15
VisualStudioVersion = 15.0.26430.6
MinimumVisualStudioVersion = 10.0.40219.1
Project("{FAE04EC0-301F-11D3-BF4B-00C04F79EFBC}") = "tryit", "tryit\tryit.csproj", "{83A2EA19-0004-48AC-A1D8-CCB76E0FBAD3}"
EndProject
Project("{FAE04EC0-301F-11D3-BF4B-00C04F79EFBC}") = "console-netcore", "console-netcore\console-netcore.csproj", "{BBA96C1D-19D3-45E1-853E-24863A9003F2}"
EndProject
Project("{FAE04EC0-301F-11D3-BF4B-00C04F79EFBC}") = "aspnet", "aspnet\aspnet.csproj", "{099DCF02-BC42-4880-93E6-CE3276BECA2E}"
EndProject
Project("{FAE04EC0-301F-11D3-BF4B-00C04F79EFBC}") = "win-forms", "win-forms\win-forms.csproj", "{28E211C3-611A-4EB2-87D5-8983CCEFFF75}"
EndProject
Global
	GlobalSection(SolutionConfigurationPlatforms) = preSolution
		Debug|Any CPU = Debug|Any CPU
		Release|Any CPU = Release|Any CPU
	EndGlobalSection
	GlobalSection(ProjectConfigurationPlatforms) = postSolution
		{83A2EA19-0004-48AC-A1D8-CCB76E0FBAD3}.Debug|Any CPU.ActiveCfg = Debug|Any CPU
		{83A2EA19-0004-48AC-A1D8-CCB76E0FBAD3}.Debug|Any CPU.Build.0 = Debug|Any CPU
		{83A2EA19-0004-48AC-A1D8-CCB76E0FBAD3}.Release|Any CPU.ActiveCfg = Release|Any CPU
		{83A2EA19-0004-48AC-A1D8-CCB76E0FBAD3}.Release|Any CPU.Build.0 = Release|Any CPU
		{BBA96C1D-19D3-45E1-853E-24863A9003F2}.Debug|Any CPU.ActiveCfg = Debug|Any CPU
		{BBA96C1D-19D3-45E1-853E-24863A9003F2}.Debug|Any CPU.Build.0 = Debug|Any CPU
		{BBA96C1D-19D3-45E1-853E-24863A9003F2}.Release|Any CPU.ActiveCfg = Release|Any CPU
		{BBA96C1D-19D3-45E1-853E-24863A9003F2}.Release|Any CPU.Build.0 = Release|Any CPU
		{099DCF02-BC42-4880-93E6-CE3276BECA2E}.Debug|Any CPU.ActiveCfg = Debug|Any CPU
		{099DCF02-BC42-4880-93E6-CE3276BECA2E}.Debug|Any CPU.Build.0 = Debug|Any CPU
		{099DCF02-BC42-4880-93E6-CE3276BECA2E}.Release|Any CPU.ActiveCfg = Release|Any CPU
		{099DCF02-BC42-4880-93E6-CE3276BECA2E}.Release|Any CPU.Build.0 = Release|Any CPU
		{28E211C3-611A-4EB2-87D5-8983CCEFFF75}.Debug|Any CPU.ActiveCfg = Debug|Any CPU
		{28E211C3-611A-4EB2-87D5-8983CCEFFF75}.Debug|Any CPU.Build.0 = Debug|Any CPU
		{28E211C3-611A-4EB2-87D5-8983CCEFFF75}.Release|Any CPU.ActiveCfg = Release|Any CPU
		{28E211C3-611A-4EB2-87D5-8983CCEFFF75}.Release|Any CPU.Build.0 = Release|Any CPU
	EndGlobalSection
	GlobalSection(SolutionProperties) = preSolution
		HideSolutionNode = FALSE
	EndGlobalSection
EndGlobal
